<Solution>
  <Project Path="WebsocketNet_Chat/WebsocketNet_Chat.csproj" Id="9562cec7-242e-4a0a-bcc6-eb918215faa4" />
  <Project Path="WebsocketNet_JwtAuth/WebsocketNet_JwtAuth.csproj" Id="21afd736-e14d-40e6-8ef3-c94d340367a4" />
  <Project Path="WebsocketNet_LoadBalance/WebsocketNet_LoadBalance.csproj" />
  <Project Path="WebsocketNet_Redis/WebsocketNet_Redis.csproj" Id="6cf2ac65-646c-4cd4-acaf-10babee0d7aa" />
  <Project Path="WebsocketNet_Simple/WebsocketNet_Simple.csproj" />
</Solution>
